
Microsoft Visual Studio Solution File, Format Version 12.00
# Visual Studio Version 17
VisualStudioVersion = 17.3.32819.101
MinimumVisualStudioVersion = 10.0.40219.1
Project("{FAE04EC0-301F-11D3-BF4B-00C04F79EFBC}") = "ProjectHUB", "ProjectHUB.csproj", "{861EB4F2-FBAD-41DF-83DE-D16C141B6D59}"
EndProject
Global
	GlobalSection(SolutionConfigurationPlatforms) = preSolution
		Debug|Any CPU = Debug|Any CPU
		Release|Any CPU = Release|Any CPU
	EndGlobalSection
	GlobalSection(ProjectConfigurationPlatforms) = postSolution
		{861EB4F2-FBAD-41DF-83DE-D16C141B6D59}.Debug|Any CPU.ActiveCfg = Debug|Any CPU
		{861EB4F2-FBAD-41DF-83DE-D16C141B6D59}.Debug|Any CPU.Build.0 = Debug|Any CPU
		{861EB4F2-FBAD-41DF-83DE-D16C141B6D59}.Release|Any CPU.ActiveCfg = Release|Any CPU
		{861EB4F2-FBAD-41DF-83DE-D16C141B6D59}.Release|Any CPU.Build.0 = Release|Any CPU
	EndGlobalSection
	GlobalSection(SolutionProperties) = preSolution
		HideSolutionNode = FALSE
	EndGlobalSection
	GlobalSection(ExtensibilityGlobals) = postSolution
		SolutionGuid = {C73A4D7B-2AE0-4014-B2EA-37840F8457C4}
	EndGlobalSection
EndGlobal
